// !$*UTF8*$!
{
	archiveVersion = 1;
	classes = {
	};
	objectVersion = 46;
	objects = {

/* Begin PBXBuildFile section */
		45CB99241AE4885200937163 /* XScheduleKit.framework in Frameworks */ = {isa = PBXBuildFile; fileRef = E1DEBEDA1AD61FE2004B2CC1 /* XScheduleKit.framework */; };
		45CB99251AE4885200937163 /* XScheduleKit.framework in Embed Frameworks */ = {isa = PBXBuildFile; fileRef = E1DEBEDA1AD61FE2004B2CC1 /* XScheduleKit.framework */; settings = {ATTRIBUTES = (CodeSignOnCopy, RemoveHeadersOnCopy, ); }; };
		45CB992B1AE488EC00937163 /* XScheduleKit-Swift.h in Headers */ = {isa = PBXBuildFile; fileRef = 45CB99211AE485A800937163 /* XScheduleKit-Swift.h */; };
		45CB99301AE492B700937163 /* XScheduleKit.framework in Frameworks */ = {isa = PBXBuildFile; fileRef = E1DEBEDA1AD61FE2004B2CC1 /* XScheduleKit.framework */; };
		E116D1E11B1A407C00C5DCA8 /* CacheManager.swift in Sources */ = {isa = PBXBuildFile; fileRef = E116D1E01B1A407C00C5DCA8 /* CacheManager.swift */; };
		E116D1E31B27164C00C5DCA8 /* CustomizationViewController.swift in Sources */ = {isa = PBXBuildFile; fileRef = E116D1E21B27164C00C5DCA8 /* CustomizationViewController.swift */; };
		E138A8101A8E8B1E00549F84 /* AppDelegate.swift in Sources */ = {isa = PBXBuildFile; fileRef = E138A80F1A8E8B1E00549F84 /* AppDelegate.swift */; };
		E138A8171A8E8B1E00549F84 /* Main.storyboard in Resources */ = {isa = PBXBuildFile; fileRef = E138A8151A8E8B1E00549F84 /* Main.storyboard */; };
		E138A8191A8E8B1E00549F84 /* Images.xcassets in Resources */ = {isa = PBXBuildFile; fileRef = E138A8181A8E8B1E00549F84 /* Images.xcassets */; };
		E138A81C1A8E8B1E00549F84 /* LaunchScreen.xib in Resources */ = {isa = PBXBuildFile; fileRef = E138A81A1A8E8B1E00549F84 /* LaunchScreen.xib */; };
		E138A8321A8E970E00549F84 /* DataViewController.swift in Sources */ = {isa = PBXBuildFile; fileRef = E138A8311A8E970E00549F84 /* DataViewController.swift */; };
		E13FCD6A1AF6CCD400696F3B /* MainTabBarDelegate.swift in Sources */ = {isa = PBXBuildFile; fileRef = E13FCD691AF6CCD400696F3B /* MainTabBarDelegate.swift */; };
		E13FCD6D1AF6EDBB00696F3B /* ScheduleViewController.swift in Sources */ = {isa = PBXBuildFile; fileRef = E13FCD6C1AF6EDBB00696F3B /* ScheduleViewController.swift */; };
		E1451B1E1AD348D600A39564 /* DonorsViewController.swift in Sources */ = {isa = PBXBuildFile; fileRef = E1451B1D1AD348D600A39564 /* DonorsViewController.swift */; };
		E16DCB6D1AB3BF610045F5A0 /* donors.txt in Resources */ = {isa = PBXBuildFile; fileRef = E16DCB6C1AB3BF610045F5A0 /* donors.txt */; };
		E1841FB51ADDFD4900C5DF3E /* ColoredScheduleTableController.swift in Sources */ = {isa = PBXBuildFile; fileRef = E1841FB41ADDFD4900C5DF3E /* ColoredScheduleTableController.swift */; };
		E18C80A71AEDBDDA00C60CE1 /* ScheduleDownloader.swift in Sources */ = {isa = PBXBuildFile; fileRef = E18C80A61AEDBDDA00C60CE1 /* ScheduleDownloader.swift */; };
		E1C6BDB01AFEDC5600B444C8 /* XScheduleParser.swift in Sources */ = {isa = PBXBuildFile; fileRef = E1C6BDAF1AFEDC5600B444C8 /* XScheduleParser.swift */; };
		E1C6BDB21AFEDEEA00B444C8 /* ScheduleParser.swift in Sources */ = {isa = PBXBuildFile; fileRef = E1C6BDB11AFEDEEA00B444C8 /* ScheduleParser.swift */; };
		E1DDD4E61AD06CBD0007ABC8 /* WeekDataViewController.swift in Sources */ = {isa = PBXBuildFile; fileRef = E1DDD4E51AD06CBD0007ABC8 /* WeekDataViewController.swift */; };
		E1DDEAF81AB7C35200B6F37F /* ScheduleSwitcherViewController.swift in Sources */ = {isa = PBXBuildFile; fileRef = E1DDEAF71AB7C35200B6F37F /* ScheduleSwitcherViewController.swift */; };
		E1DEBE9C1AD619B0004B2CC1 /* NotificationCenter.framework in Frameworks */ = {isa = PBXBuildFile; fileRef = E1DEBE9B1AD619B0004B2CC1 /* NotificationCenter.framework */; };
		E1DEBEA11AD619B0004B2CC1 /* WidgetDataViewController.swift in Sources */ = {isa = PBXBuildFile; fileRef = E1DEBEA01AD619B0004B2CC1 /* WidgetDataViewController.swift */; };
		E1DEBEA31AD619B0004B2CC1 /* MainInterface.storyboard in Resources */ = {isa = PBXBuildFile; fileRef = E1DEBEA21AD619B0004B2CC1 /* MainInterface.storyboard */; };
		E1DEBEA61AD619B0004B2CC1 /* X Schedule Widget.appex in Embed App Extensions */ = {isa = PBXBuildFile; fileRef = E1DEBE991AD619B0004B2CC1 /* X Schedule Widget.appex */; settings = {ATTRIBUTES = (RemoveHeadersOnCopy, ); }; };
		E1DEBEF91AD621F0004B2CC1 /* Schedule.swift in Sources */ = {isa = PBXBuildFile; fileRef = E1DEBED31AD61F5B004B2CC1 /* Schedule.swift */; };
		E1DEBEFA1AD6237A004B2CC1 /* ScheduleTableController.swift in Sources */ = {isa = PBXBuildFile; fileRef = E1EFEEB41A991766003D3C57 /* ScheduleTableController.swift */; };
		E1DEBEFC1AD62380004B2CC1 /* XScheduleDownloader.swift in Sources */ = {isa = PBXBuildFile; fileRef = E1EFEEAC1A93918E003D3C57 /* XScheduleDownloader.swift */; };
		E1E3EE481AA8F18E00A00603 /* LegalViewController.swift in Sources */ = {isa = PBXBuildFile; fileRef = E1E3EE471AA8F18E00A00603 /* LegalViewController.swift */; };
		E1E3EE4A1AA8F24F00A00603 /* LICENSE.txt in Resources */ = {isa = PBXBuildFile; fileRef = E1E3EE491AA8F24F00A00603 /* LICENSE.txt */; };
		E1E584141AABF4C90085BED9 /* AboutViewController.swift in Sources */ = {isa = PBXBuildFile; fileRef = E18039831AABF260006513B2 /* AboutViewController.swift */; };
		E1ECC41D1B16531200AB5D64 /* XScheduleManager.swift in Sources */ = {isa = PBXBuildFile; fileRef = E1ECC41C1B16531200AB5D64 /* XScheduleManager.swift */; };
		E1ECC41F1B16571300AB5D64 /* ScheduleManager.swift in Sources */ = {isa = PBXBuildFile; fileRef = E1ECC41E1B16571300AB5D64 /* ScheduleManager.swift */; };
/* End PBXBuildFile section */

/* Begin PBXContainerItemProxy section */
		45CB99261AE4885200937163 /* PBXContainerItemProxy */ = {
			isa = PBXContainerItemProxy;
			containerPortal = E138A8021A8E8B1E00549F84 /* Project object */;
			proxyType = 1;
			remoteGlobalIDString = E1DEBED91AD61FE2004B2CC1;
			remoteInfo = XScheduleKit;
		};
/* End PBXContainerItemProxy section */

/* Begin PBXCopyFilesBuildPhase section */
		45CB99281AE4885200937163 /* Embed Frameworks */ = {
			isa = PBXCopyFilesBuildPhase;
			buildActionMask = 2147483647;
			dstPath = "";
			dstSubfolderSpec = 10;
			files = (
				45CB99251AE4885200937163 /* XScheduleKit.framework in Embed Frameworks */,
			);
			name = "Embed Frameworks";
			runOnlyForDeploymentPostprocessing = 0;
		};
		E1DEBEAA1AD619B1004B2CC1 /* Embed App Extensions */ = {
			isa = PBXCopyFilesBuildPhase;
			buildActionMask = 2147483647;
			dstPath = "";
			dstSubfolderSpec = 13;
			files = (
				E1DEBEA61AD619B0004B2CC1 /* X Schedule Widget.appex in Embed App Extensions */,
			);
			name = "Embed App Extensions";
			runOnlyForDeploymentPostprocessing = 0;
		};
/* End PBXCopyFilesBuildPhase section */

/* Begin PBXFileReference section */
		45CB99211AE485A800937163 /* XScheduleKit-Swift.h */ = {isa = PBXFileReference; fileEncoding = 4; lastKnownFileType = sourcecode.c.h; path = "XScheduleKit-Swift.h"; sourceTree = "<group>"; };
		E116D1E01B1A407C00C5DCA8 /* CacheManager.swift */ = {isa = PBXFileReference; fileEncoding = 4; lastKnownFileType = sourcecode.swift; path = CacheManager.swift; sourceTree = "<group>"; };
		E116D1E21B27164C00C5DCA8 /* CustomizationViewController.swift */ = {isa = PBXFileReference; fileEncoding = 4; lastKnownFileType = sourcecode.swift; path = CustomizationViewController.swift; sourceTree = "<group>"; };
		E138A80A1A8E8B1E00549F84 /* X Schedule.app */ = {isa = PBXFileReference; explicitFileType = wrapper.application; includeInIndex = 0; path = "X Schedule.app"; sourceTree = BUILT_PRODUCTS_DIR; };
		E138A80E1A8E8B1E00549F84 /* Info.plist */ = {isa = PBXFileReference; lastKnownFileType = text.plist.xml; path = Info.plist; sourceTree = "<group>"; };
		E138A80F1A8E8B1E00549F84 /* AppDelegate.swift */ = {isa = PBXFileReference; lastKnownFileType = sourcecode.swift; path = AppDelegate.swift; sourceTree = "<group>"; };
		E138A8161A8E8B1E00549F84 /* Base */ = {isa = PBXFileReference; lastKnownFileType = file.storyboard; name = Base; path = Base.lproj/Main.storyboard; sourceTree = "<group>"; };
		E138A8181A8E8B1E00549F84 /* Images.xcassets */ = {isa = PBXFileReference; lastKnownFileType = folder.assetcatalog; path = Images.xcassets; sourceTree = "<group>"; };
		E138A81B1A8E8B1E00549F84 /* Base */ = {isa = PBXFileReference; lastKnownFileType = file.xib; name = Base; path = Base.lproj/LaunchScreen.xib; sourceTree = "<group>"; };
		E138A8311A8E970E00549F84 /* DataViewController.swift */ = {isa = PBXFileReference; fileEncoding = 4; lastKnownFileType = sourcecode.swift; path = DataViewController.swift; sourceTree = "<group>"; };
		E13FCD691AF6CCD400696F3B /* MainTabBarDelegate.swift */ = {isa = PBXFileReference; fileEncoding = 4; lastKnownFileType = sourcecode.swift; path = MainTabBarDelegate.swift; sourceTree = "<group>"; };
		E13FCD6C1AF6EDBB00696F3B /* ScheduleViewController.swift */ = {isa = PBXFileReference; fileEncoding = 4; lastKnownFileType = sourcecode.swift; path = ScheduleViewController.swift; sourceTree = "<group>"; };
		E1451B1D1AD348D600A39564 /* DonorsViewController.swift */ = {isa = PBXFileReference; fileEncoding = 4; lastKnownFileType = sourcecode.swift; path = DonorsViewController.swift; sourceTree = "<group>"; };
		E16DCB6C1AB3BF610045F5A0 /* donors.txt */ = {isa = PBXFileReference; fileEncoding = 4; lastKnownFileType = text; path = donors.txt; sourceTree = SOURCE_ROOT; };
		E18039831AABF260006513B2 /* AboutViewController.swift */ = {isa = PBXFileReference; fileEncoding = 4; lastKnownFileType = sourcecode.swift; path = AboutViewController.swift; sourceTree = "<group>"; };
		E1841FB41ADDFD4900C5DF3E /* ColoredScheduleTableController.swift */ = {isa = PBXFileReference; fileEncoding = 4; lastKnownFileType = sourcecode.swift; path = ColoredScheduleTableController.swift; sourceTree = "<group>"; };
		E18C80A61AEDBDDA00C60CE1 /* ScheduleDownloader.swift */ = {isa = PBXFileReference; fileEncoding = 4; lastKnownFileType = sourcecode.swift; path = ScheduleDownloader.swift; sourceTree = "<group>"; };
		E1C6BDAF1AFEDC5600B444C8 /* XScheduleParser.swift */ = {isa = PBXFileReference; fileEncoding = 4; lastKnownFileType = sourcecode.swift; path = XScheduleParser.swift; sourceTree = "<group>"; };
		E1C6BDB11AFEDEEA00B444C8 /* ScheduleParser.swift */ = {isa = PBXFileReference; fileEncoding = 4; lastKnownFileType = sourcecode.swift; path = ScheduleParser.swift; sourceTree = "<group>"; };
		E1DDD4E51AD06CBD0007ABC8 /* WeekDataViewController.swift */ = {isa = PBXFileReference; fileEncoding = 4; lastKnownFileType = sourcecode.swift; path = WeekDataViewController.swift; sourceTree = "<group>"; };
		E1DDEAF71AB7C35200B6F37F /* ScheduleSwitcherViewController.swift */ = {isa = PBXFileReference; fileEncoding = 4; lastKnownFileType = sourcecode.swift; path = ScheduleSwitcherViewController.swift; sourceTree = "<group>"; };
		E1DEBE991AD619B0004B2CC1 /* X Schedule Widget.appex */ = {isa = PBXFileReference; explicitFileType = "wrapper.app-extension"; includeInIndex = 0; path = "X Schedule Widget.appex"; sourceTree = BUILT_PRODUCTS_DIR; };
		E1DEBE9B1AD619B0004B2CC1 /* NotificationCenter.framework */ = {isa = PBXFileReference; lastKnownFileType = wrapper.framework; name = NotificationCenter.framework; path = System/Library/Frameworks/NotificationCenter.framework; sourceTree = SDKROOT; };
		E1DEBE9F1AD619B0004B2CC1 /* Info.plist */ = {isa = PBXFileReference; lastKnownFileType = text.plist.xml; path = Info.plist; sourceTree = "<group>"; };
		E1DEBEA01AD619B0004B2CC1 /* WidgetDataViewController.swift */ = {isa = PBXFileReference; lastKnownFileType = sourcecode.swift; path = WidgetDataViewController.swift; sourceTree = "<group>"; };
		E1DEBEA21AD619B0004B2CC1 /* MainInterface.storyboard */ = {isa = PBXFileReference; lastKnownFileType = file.storyboard; path = MainInterface.storyboard; sourceTree = "<group>"; };
		E1DEBED31AD61F5B004B2CC1 /* Schedule.swift */ = {isa = PBXFileReference; fileEncoding = 4; lastKnownFileType = sourcecode.swift; path = Schedule.swift; sourceTree = "<group>"; };
		E1DEBEDA1AD61FE2004B2CC1 /* XScheduleKit.framework */ = {isa = PBXFileReference; explicitFileType = wrapper.framework; includeInIndex = 0; path = XScheduleKit.framework; sourceTree = BUILT_PRODUCTS_DIR; };
		E1DEBEDD1AD61FE2004B2CC1 /* Info.plist */ = {isa = PBXFileReference; lastKnownFileType = text.plist.xml; path = Info.plist; sourceTree = "<group>"; };
		E1E3EE471AA8F18E00A00603 /* LegalViewController.swift */ = {isa = PBXFileReference; fileEncoding = 4; lastKnownFileType = sourcecode.swift; path = LegalViewController.swift; sourceTree = "<group>"; };
		E1E3EE491AA8F24F00A00603 /* LICENSE.txt */ = {isa = PBXFileReference; fileEncoding = 4; lastKnownFileType = text; path = LICENSE.txt; sourceTree = SOURCE_ROOT; };
		E1ECC41C1B16531200AB5D64 /* XScheduleManager.swift */ = {isa = PBXFileReference; fileEncoding = 4; lastKnownFileType = sourcecode.swift; path = XScheduleManager.swift; sourceTree = "<group>"; };
		E1ECC41E1B16571300AB5D64 /* ScheduleManager.swift */ = {isa = PBXFileReference; fileEncoding = 4; lastKnownFileType = sourcecode.swift; path = ScheduleManager.swift; sourceTree = "<group>"; };
		E1EFEEAC1A93918E003D3C57 /* XScheduleDownloader.swift */ = {isa = PBXFileReference; fileEncoding = 4; lastKnownFileType = sourcecode.swift; path = XScheduleDownloader.swift; sourceTree = "<group>"; };
		E1EFEEB41A991766003D3C57 /* ScheduleTableController.swift */ = {isa = PBXFileReference; fileEncoding = 4; lastKnownFileType = sourcecode.swift; path = ScheduleTableController.swift; sourceTree = "<group>"; };
/* End PBXFileReference section */

/* Begin PBXFrameworksBuildPhase section */
		E138A8071A8E8B1E00549F84 /* Frameworks */ = {
			isa = PBXFrameworksBuildPhase;
			buildActionMask = 2147483647;
			files = (
				45CB99241AE4885200937163 /* XScheduleKit.framework in Frameworks */,
			);
			runOnlyForDeploymentPostprocessing = 0;
		};
		E1DEBE961AD619B0004B2CC1 /* Frameworks */ = {
			isa = PBXFrameworksBuildPhase;
			buildActionMask = 2147483647;
			files = (
				45CB99301AE492B700937163 /* XScheduleKit.framework in Frameworks */,
				E1DEBE9C1AD619B0004B2CC1 /* NotificationCenter.framework in Frameworks */,
			);
			runOnlyForDeploymentPostprocessing = 0;
		};
		E1DEBED61AD61FE2004B2CC1 /* Frameworks */ = {
			isa = PBXFrameworksBuildPhase;
			buildActionMask = 2147483647;
			files = (
			);
			runOnlyForDeploymentPostprocessing = 0;
		};
/* End PBXFrameworksBuildPhase section */

/* Begin PBXGroup section */
		E138A8011A8E8B1E00549F84 = {
			isa = PBXGroup;
			children = (
				E138A80C1A8E8B1E00549F84 /* X Schedule */,
				E1DEBE9D1AD619B0004B2CC1 /* X Schedule Widget */,
				E1DEBEDB1AD61FE2004B2CC1 /* XScheduleKit */,
				E1DEBE9A1AD619B0004B2CC1 /* Frameworks */,
				E138A80B1A8E8B1E00549F84 /* Products */,
			);
			sourceTree = "<group>";
		};
		E138A80B1A8E8B1E00549F84 /* Products */ = {
			isa = PBXGroup;
			children = (
				E138A80A1A8E8B1E00549F84 /* X Schedule.app */,
				E1DEBE991AD619B0004B2CC1 /* X Schedule Widget.appex */,
				E1DEBEDA1AD61FE2004B2CC1 /* XScheduleKit.framework */,
			);
			name = Products;
			sourceTree = "<group>";
		};
		E138A80C1A8E8B1E00549F84 /* X Schedule */ = {
			isa = PBXGroup;
			children = (
				E138A80F1A8E8B1E00549F84 /* AppDelegate.swift */,
				E13FCD691AF6CCD400696F3B /* MainTabBarDelegate.swift */,
				E138A8311A8E970E00549F84 /* DataViewController.swift */,
				E1DDD4E51AD06CBD0007ABC8 /* WeekDataViewController.swift */,
				E138A8151A8E8B1E00549F84 /* Main.storyboard */,
				E116D1E21B27164C00C5DCA8 /* CustomizationViewController.swift */,
				E1DDEAF71AB7C35200B6F37F /* ScheduleSwitcherViewController.swift */,
				E1E3EE471AA8F18E00A00603 /* LegalViewController.swift */,
				E18039831AABF260006513B2 /* AboutViewController.swift */,
				E1451B1D1AD348D600A39564 /* DonorsViewController.swift */,
				E16DCB6C1AB3BF610045F5A0 /* donors.txt */,
				E1E3EE491AA8F24F00A00603 /* LICENSE.txt */,
				E138A8181A8E8B1E00549F84 /* Images.xcassets */,
				E138A81A1A8E8B1E00549F84 /* LaunchScreen.xib */,
				E138A80D1A8E8B1E00549F84 /* Supporting Files */,
			);
			path = "X Schedule";
			sourceTree = "<group>";
		};
		E138A80D1A8E8B1E00549F84 /* Supporting Files */ = {
			isa = PBXGroup;
			children = (
				E138A80E1A8E8B1E00549F84 /* Info.plist */,
			);
			name = "Supporting Files";
			sourceTree = "<group>";
		};
		E1DEBE9A1AD619B0004B2CC1 /* Frameworks */ = {
			isa = PBXGroup;
			children = (
				E1DEBE9B1AD619B0004B2CC1 /* NotificationCenter.framework */,
			);
			name = Frameworks;
			sourceTree = "<group>";
		};
		E1DEBE9D1AD619B0004B2CC1 /* X Schedule Widget */ = {
			isa = PBXGroup;
			children = (
				E1DEBEA01AD619B0004B2CC1 /* WidgetDataViewController.swift */,
				E1DEBEA21AD619B0004B2CC1 /* MainInterface.storyboard */,
				E1DEBE9E1AD619B0004B2CC1 /* Supporting Files */,
			);
			path = "X Schedule Widget";
			sourceTree = "<group>";
		};
		E1DEBE9E1AD619B0004B2CC1 /* Supporting Files */ = {
			isa = PBXGroup;
			children = (
				E1DEBE9F1AD619B0004B2CC1 /* Info.plist */,
			);
			name = "Supporting Files";
			sourceTree = "<group>";
		};
		E1DEBEDB1AD61FE2004B2CC1 /* XScheduleKit */ = {
			isa = PBXGroup;
			children = (
				45CB99211AE485A800937163 /* XScheduleKit-Swift.h */,
				E1DEBED31AD61F5B004B2CC1 /* Schedule.swift */,
				E13FCD6C1AF6EDBB00696F3B /* ScheduleViewController.swift */,
				E1C6BDAF1AFEDC5600B444C8 /* XScheduleParser.swift */,
				E1C6BDB11AFEDEEA00B444C8 /* ScheduleParser.swift */,
				E1EFEEAC1A93918E003D3C57 /* XScheduleDownloader.swift */,
				E18C80A61AEDBDDA00C60CE1 /* ScheduleDownloader.swift */,
				E1ECC41C1B16531200AB5D64 /* XScheduleManager.swift */,
				E1ECC41E1B16571300AB5D64 /* ScheduleManager.swift */,
				E116D1E01B1A407C00C5DCA8 /* CacheManager.swift */,
				E1EFEEB41A991766003D3C57 /* ScheduleTableController.swift */,
				E1841FB41ADDFD4900C5DF3E /* ColoredScheduleTableController.swift */,
				E1DEBEDC1AD61FE2004B2CC1 /* Supporting Files */,
			);
			path = XScheduleKit;
			sourceTree = "<group>";
		};
		E1DEBEDC1AD61FE2004B2CC1 /* Supporting Files */ = {
			isa = PBXGroup;
			children = (
				E1DEBEDD1AD61FE2004B2CC1 /* Info.plist */,
			);
			name = "Supporting Files";
			sourceTree = "<group>";
		};
/* End PBXGroup section */

/* Begin PBXHeadersBuildPhase section */
		E1DEBED71AD61FE2004B2CC1 /* Headers */ = {
			isa = PBXHeadersBuildPhase;
			buildActionMask = 2147483647;
			files = (
				45CB992B1AE488EC00937163 /* XScheduleKit-Swift.h in Headers */,
			);
			runOnlyForDeploymentPostprocessing = 0;
		};
/* End PBXHeadersBuildPhase section */

/* Begin PBXNativeTarget section */
		E138A8091A8E8B1E00549F84 /* X Schedule */ = {
			isa = PBXNativeTarget;
			buildConfigurationList = E138A82B1A8E8B1F00549F84 /* Build configuration list for PBXNativeTarget "X Schedule" */;
			buildPhases = (
				E138A8061A8E8B1E00549F84 /* Sources */,
				E138A8071A8E8B1E00549F84 /* Frameworks */,
				E138A8081A8E8B1E00549F84 /* Resources */,
				E1841FB61ADF554D00C5DF3E /* ShellScript */,
				E1DEBEAA1AD619B1004B2CC1 /* Embed App Extensions */,
				45CB99281AE4885200937163 /* Embed Frameworks */,
			);
			buildRules = (
			);
			dependencies = (
				45CB99271AE4885200937163 /* PBXTargetDependency */,
			);
			name = "X Schedule";
			productName = "X Schedule";
			productReference = E138A80A1A8E8B1E00549F84 /* X Schedule.app */;
			productType = "com.apple.product-type.application";
		};
		E1DEBE981AD619B0004B2CC1 /* X Schedule Widget */ = {
			isa = PBXNativeTarget;
			buildConfigurationList = E1DEBEA71AD619B1004B2CC1 /* Build configuration list for PBXNativeTarget "X Schedule Widget" */;
			buildPhases = (
				E1DEBE951AD619B0004B2CC1 /* Sources */,
				E1DEBE961AD619B0004B2CC1 /* Frameworks */,
				E1DEBE971AD619B0004B2CC1 /* Resources */,
			);
			buildRules = (
			);
			dependencies = (
			);
			name = "X Schedule Widget";
			productName = "X Schedule Widget";
			productReference = E1DEBE991AD619B0004B2CC1 /* X Schedule Widget.appex */;
			productType = "com.apple.product-type.app-extension";
		};
		E1DEBED91AD61FE2004B2CC1 /* XScheduleKit */ = {
			isa = PBXNativeTarget;
			buildConfigurationList = E1DEBEF31AD61FE3004B2CC1 /* Build configuration list for PBXNativeTarget "XScheduleKit" */;
			buildPhases = (
				E1DEBED51AD61FE2004B2CC1 /* Sources */,
				E1DEBED61AD61FE2004B2CC1 /* Frameworks */,
				E1DEBED71AD61FE2004B2CC1 /* Headers */,
				E1DEBED81AD61FE2004B2CC1 /* Resources */,
			);
			buildRules = (
			);
			dependencies = (
			);
			name = XScheduleKit;
			productName = XScheduleKit;
			productReference = E1DEBEDA1AD61FE2004B2CC1 /* XScheduleKit.framework */;
			productType = "com.apple.product-type.framework";
		};
/* End PBXNativeTarget section */

/* Begin PBXProject section */
		E138A8021A8E8B1E00549F84 /* Project object */ = {
			isa = PBXProject;
			attributes = {
				LastUpgradeCheck = 0610;
				ORGANIZATIONNAME = "Nicholas Reichert";
				TargetAttributes = {
					E138A8091A8E8B1E00549F84 = {
						CreatedOnToolsVersion = 6.1.1;
						DevelopmentTeam = NK4953M888;
					};
					E1DEBE981AD619B0004B2CC1 = {
						CreatedOnToolsVersion = 6.2;
						DevelopmentTeam = NK4953M888;
					};
					E1DEBED91AD61FE2004B2CC1 = {
						CreatedOnToolsVersion = 6.2;
						DevelopmentTeam = NK4953M888;
					};
				};
			};
			buildConfigurationList = E138A8051A8E8B1E00549F84 /* Build configuration list for PBXProject "X Schedule" */;
			compatibilityVersion = "Xcode 3.2";
			developmentRegion = English;
			hasScannedForEncodings = 0;
			knownRegions = (
				en,
				Base,
			);
			mainGroup = E138A8011A8E8B1E00549F84;
			productRefGroup = E138A80B1A8E8B1E00549F84 /* Products */;
			projectDirPath = "";
			projectRoot = "";
			targets = (
				E138A8091A8E8B1E00549F84 /* X Schedule */,
				E1DEBE981AD619B0004B2CC1 /* X Schedule Widget */,
				E1DEBED91AD61FE2004B2CC1 /* XScheduleKit */,
			);
		};
/* End PBXProject section */

/* Begin PBXResourcesBuildPhase section */
		E138A8081A8E8B1E00549F84 /* Resources */ = {
			isa = PBXResourcesBuildPhase;
			buildActionMask = 2147483647;
			files = (
				E1E3EE4A1AA8F24F00A00603 /* LICENSE.txt in Resources */,
				E138A8171A8E8B1E00549F84 /* Main.storyboard in Resources */,
				E138A81C1A8E8B1E00549F84 /* LaunchScreen.xib in Resources */,
				E138A8191A8E8B1E00549F84 /* Images.xcassets in Resources */,
				E16DCB6D1AB3BF610045F5A0 /* donors.txt in Resources */,
			);
			runOnlyForDeploymentPostprocessing = 0;
		};
		E1DEBE971AD619B0004B2CC1 /* Resources */ = {
			isa = PBXResourcesBuildPhase;
			buildActionMask = 2147483647;
			files = (
				E1DEBEA31AD619B0004B2CC1 /* MainInterface.storyboard in Resources */,
			);
			runOnlyForDeploymentPostprocessing = 0;
		};
		E1DEBED81AD61FE2004B2CC1 /* Resources */ = {
			isa = PBXResourcesBuildPhase;
			buildActionMask = 2147483647;
			files = (
			);
			runOnlyForDeploymentPostprocessing = 0;
		};
/* End PBXResourcesBuildPhase section */

/* Begin PBXShellScriptBuildPhase section */
		E1841FB61ADF554D00C5DF3E /* ShellScript */ = {
			isa = PBXShellScriptBuildPhase;
			buildActionMask = 2147483647;
			files = (
			);
			inputPaths = (
			);
			outputPaths = (
			);
			runOnlyForDeploymentPostprocessing = 0;
			shellPath = /bin/bash;
			shellScript = "git=`sh /etc/profile; which git`\nappBuild=`\"$git\" rev-list --all |wc -l`\n/usr/libexec/PlistBuddy -c \"Set :CFBundleVersion $appBuild\" \"${TARGET_BUILD_DIR}/${INFOPLIST_PATH}\"";
		};
/* End PBXShellScriptBuildPhase section */

/* Begin PBXSourcesBuildPhase section */
		E138A8061A8E8B1E00549F84 /* Sources */ = {
			isa = PBXSourcesBuildPhase;
			buildActionMask = 2147483647;
			files = (
				E1E584141AABF4C90085BED9 /* AboutViewController.swift in Sources */,
				E1E3EE481AA8F18E00A00603 /* LegalViewController.swift in Sources */,
				E1DDEAF81AB7C35200B6F37F /* ScheduleSwitcherViewController.swift in Sources */,
				E116D1E31B27164C00C5DCA8 /* CustomizationViewController.swift in Sources */,
				E138A8321A8E970E00549F84 /* DataViewController.swift in Sources */,
				E1451B1E1AD348D600A39564 /* DonorsViewController.swift in Sources */,
				E1DDD4E61AD06CBD0007ABC8 /* WeekDataViewController.swift in Sources */,
				E138A8101A8E8B1E00549F84 /* AppDelegate.swift in Sources */,
				E13FCD6A1AF6CCD400696F3B /* MainTabBarDelegate.swift in Sources */,
			);
			runOnlyForDeploymentPostprocessing = 0;
		};
		E1DEBE951AD619B0004B2CC1 /* Sources */ = {
			isa = PBXSourcesBuildPhase;
			buildActionMask = 2147483647;
			files = (
				E1DEBEA11AD619B0004B2CC1 /* WidgetDataViewController.swift in Sources */,
			);
			runOnlyForDeploymentPostprocessing = 0;
		};
		E1DEBED51AD61FE2004B2CC1 /* Sources */ = {
			isa = PBXSourcesBuildPhase;
			buildActionMask = 2147483647;
			files = (
				E1DEBEF91AD621F0004B2CC1 /* Schedule.swift in Sources */,
				E1C6BDB21AFEDEEA00B444C8 /* ScheduleParser.swift in Sources */,
				E1ECC41F1B16571300AB5D64 /* ScheduleManager.swift in Sources */,
				E1ECC41D1B16531200AB5D64 /* XScheduleManager.swift in Sources */,
				E18C80A71AEDBDDA00C60CE1 /* ScheduleDownloader.swift in Sources */,
				E1C6BDB01AFEDC5600B444C8 /* XScheduleParser.swift in Sources */,
				E116D1E11B1A407C00C5DCA8 /* CacheManager.swift in Sources */,
				E1DEBEFA1AD6237A004B2CC1 /* ScheduleTableController.swift in Sources */,
				E1DEBEFC1AD62380004B2CC1 /* XScheduleDownloader.swift in Sources */,
				E13FCD6D1AF6EDBB00696F3B /* ScheduleViewController.swift in Sources */,
				E1841FB51ADDFD4900C5DF3E /* ColoredScheduleTableController.swift in Sources */,
			);
			runOnlyForDeploymentPostprocessing = 0;
		};
/* End PBXSourcesBuildPhase section */

/* Begin PBXTargetDependency section */
		45CB99271AE4885200937163 /* PBXTargetDependency */ = {
			isa = PBXTargetDependency;
			target = E1DEBED91AD61FE2004B2CC1 /* XScheduleKit */;
			targetProxy = 45CB99261AE4885200937163 /* PBXContainerItemProxy */;
		};
/* End PBXTargetDependency section */

/* Begin PBXVariantGroup section */
		E138A8151A8E8B1E00549F84 /* Main.storyboard */ = {
			isa = PBXVariantGroup;
			children = (
				E138A8161A8E8B1E00549F84 /* Base */,
			);
			name = Main.storyboard;
			sourceTree = "<group>";
		};
		E138A81A1A8E8B1E00549F84 /* LaunchScreen.xib */ = {
			isa = PBXVariantGroup;
			children = (
				E138A81B1A8E8B1E00549F84 /* Base */,
			);
			name = LaunchScreen.xib;
			sourceTree = "<group>";
		};
/* End PBXVariantGroup section */

/* Begin XCBuildConfiguration section */
		E138A8291A8E8B1F00549F84 /* Debug */ = {
			isa = XCBuildConfiguration;
			buildSettings = {
				ALWAYS_SEARCH_USER_PATHS = NO;
				CLANG_CXX_LANGUAGE_STANDARD = "gnu++0x";
				CLANG_CXX_LIBRARY = "libc++";
				CLANG_ENABLE_MODULES = YES;
				CLANG_ENABLE_OBJC_ARC = YES;
				CLANG_WARN_BOOL_CONVERSION = YES;
				CLANG_WARN_CONSTANT_CONVERSION = YES;
				CLANG_WARN_DIRECT_OBJC_ISA_USAGE = YES_ERROR;
				CLANG_WARN_EMPTY_BODY = YES;
				CLANG_WARN_ENUM_CONVERSION = YES;
				CLANG_WARN_INT_CONVERSION = YES;
				CLANG_WARN_OBJC_ROOT_CLASS = YES_ERROR;
				CLANG_WARN_UNREACHABLE_CODE = YES;
				CLANG_WARN__DUPLICATE_METHOD_MATCH = YES;
				"CODE_SIGN_IDENTITY[sdk=iphoneos*]" = "iPhone Developer";
				COPY_PHASE_STRIP = NO;
				ENABLE_STRICT_OBJC_MSGSEND = YES;
				GCC_C_LANGUAGE_STANDARD = gnu99;
				GCC_DYNAMIC_NO_PIC = NO;
				GCC_OPTIMIZATION_LEVEL = 0;
				GCC_PREPROCESSOR_DEFINITIONS = (
					"DEBUG=1",
					"$(inherited)",
				);
				GCC_SYMBOLS_PRIVATE_EXTERN = NO;
				GCC_WARN_64_TO_32_BIT_CONVERSION = YES;
				GCC_WARN_ABOUT_RETURN_TYPE = YES_ERROR;
				GCC_WARN_UNDECLARED_SELECTOR = YES;
				GCC_WARN_UNINITIALIZED_AUTOS = YES_AGGRESSIVE;
				GCC_WARN_UNUSED_FUNCTION = YES;
				GCC_WARN_UNUSED_VARIABLE = YES;
				IPHONEOS_DEPLOYMENT_TARGET = 8.0;
				MTL_ENABLE_DEBUG_INFO = YES;
				ONLY_ACTIVE_ARCH = YES;
				SDKROOT = iphoneos;
				SWIFT_OPTIMIZATION_LEVEL = "-Onone";
				TARGETED_DEVICE_FAMILY = "1,2";
			};
			name = Debug;
		};
		E138A82A1A8E8B1F00549F84 /* Release */ = {
			isa = XCBuildConfiguration;
			buildSettings = {
				ALWAYS_SEARCH_USER_PATHS = NO;
				CLANG_CXX_LANGUAGE_STANDARD = "gnu++0x";
				CLANG_CXX_LIBRARY = "libc++";
				CLANG_ENABLE_MODULES = YES;
				CLANG_ENABLE_OBJC_ARC = YES;
				CLANG_WARN_BOOL_CONVERSION = YES;
				CLANG_WARN_CONSTANT_CONVERSION = YES;
				CLANG_WARN_DIRECT_OBJC_ISA_USAGE = YES_ERROR;
				CLANG_WARN_EMPTY_BODY = YES;
				CLANG_WARN_ENUM_CONVERSION = YES;
				CLANG_WARN_INT_CONVERSION = YES;
				CLANG_WARN_OBJC_ROOT_CLASS = YES_ERROR;
				CLANG_WARN_UNREACHABLE_CODE = YES;
				CLANG_WARN__DUPLICATE_METHOD_MATCH = YES;
				"CODE_SIGN_IDENTITY[sdk=iphoneos*]" = "iPhone Developer";
				COPY_PHASE_STRIP = YES;
				ENABLE_NS_ASSERTIONS = NO;
				ENABLE_STRICT_OBJC_MSGSEND = YES;
				GCC_C_LANGUAGE_STANDARD = gnu99;
				GCC_WARN_64_TO_32_BIT_CONVERSION = YES;
				GCC_WARN_ABOUT_RETURN_TYPE = YES_ERROR;
				GCC_WARN_UNDECLARED_SELECTOR = YES;
				GCC_WARN_UNINITIALIZED_AUTOS = YES_AGGRESSIVE;
				GCC_WARN_UNUSED_FUNCTION = YES;
				GCC_WARN_UNUSED_VARIABLE = YES;
				IPHONEOS_DEPLOYMENT_TARGET = 8.0;
				MTL_ENABLE_DEBUG_INFO = NO;
				SDKROOT = iphoneos;
				TARGETED_DEVICE_FAMILY = "1,2";
				VALIDATE_PRODUCT = YES;
			};
			name = Release;
		};
		E138A82C1A8E8B1F00549F84 /* Debug */ = {
			isa = XCBuildConfiguration;
			buildSettings = {
				ASSETCATALOG_COMPILER_APPICON_NAME = AppIcon;
				CODE_SIGN_IDENTITY = "iPhone Developer";
				"CODE_SIGN_IDENTITY[sdk=iphoneos*]" = "iPhone Developer";
				INFOPLIST_FILE = "X Schedule/Info.plist";
				IPHONEOS_DEPLOYMENT_TARGET = 8.0;
				LD_RUNPATH_SEARCH_PATHS = "$(inherited) @executable_path/Frameworks";
				PRODUCT_NAME = "$(TARGET_NAME)";
				PROVISIONING_PROFILE = "";
				TARGETED_DEVICE_FAMILY = "1,2";
			};
			name = Debug;
		};
		E138A82D1A8E8B1F00549F84 /* Release */ = {
			isa = XCBuildConfiguration;
			buildSettings = {
				ASSETCATALOG_COMPILER_APPICON_NAME = AppIcon;
				CODE_SIGN_IDENTITY = "iPhone Developer";
				"CODE_SIGN_IDENTITY[sdk=iphoneos*]" = "iPhone Developer";
				INFOPLIST_FILE = "X Schedule/Info.plist";
				IPHONEOS_DEPLOYMENT_TARGET = 8.0;
				LD_RUNPATH_SEARCH_PATHS = "$(inherited) @executable_path/Frameworks";
				PRODUCT_NAME = "$(TARGET_NAME)";
				PROVISIONING_PROFILE = "";
				TARGETED_DEVICE_FAMILY = "1,2";
			};
			name = Release;
		};
		E1DEBEA81AD619B1004B2CC1 /* Debug */ = {
			isa = XCBuildConfiguration;
			buildSettings = {
				CODE_SIGN_IDENTITY = "iPhone Developer";
				"CODE_SIGN_IDENTITY[sdk=iphoneos*]" = "iPhone Developer";
				GCC_PREPROCESSOR_DEFINITIONS = (
					"DEBUG=1",
					"$(inherited)",
				);
				INFOPLIST_FILE = "X Schedule Widget/Info.plist";
				IPHONEOS_DEPLOYMENT_TARGET = 8.0;
				LD_RUNPATH_SEARCH_PATHS = "$(inherited) @executable_path/Frameworks @executable_path/../../Frameworks";
				PRODUCT_NAME = "$(TARGET_NAME)";
				PROVISIONING_PROFILE = "";
				SKIP_INSTALL = YES;
			};
			name = Debug;
		};
		E1DEBEA91AD619B1004B2CC1 /* Release */ = {
			isa = XCBuildConfiguration;
			buildSettings = {
				CODE_SIGN_IDENTITY = "iPhone Developer";
				"CODE_SIGN_IDENTITY[sdk=iphoneos*]" = "iPhone Developer";
				COPY_PHASE_STRIP = NO;
				INFOPLIST_FILE = "X Schedule Widget/Info.plist";
				IPHONEOS_DEPLOYMENT_TARGET = 8.0;
				LD_RUNPATH_SEARCH_PATHS = "$(inherited) @executable_path/Frameworks @executable_path/../../Frameworks";
				PRODUCT_NAME = "$(TARGET_NAME)";
				PROVISIONING_PROFILE = "";
				SKIP_INSTALL = YES;
			};
			name = Release;
		};
		E1DEBEF41AD61FE3004B2CC1 /* Debug */ = {
			isa = XCBuildConfiguration;
			buildSettings = {
				APPLICATION_EXTENSION_API_ONLY = YES;
				CODE_SIGN_IDENTITY = "iPhone Developer";
				"CODE_SIGN_IDENTITY[sdk=iphoneos*]" = "iPhone Developer";
				CURRENT_PROJECT_VERSION = 1;
				DEFINES_MODULE = YES;
				DYLIB_COMPATIBILITY_VERSION = 1;
				DYLIB_CURRENT_VERSION = 1;
				DYLIB_INSTALL_NAME_BASE = "@rpath";
				EMBEDDED_CONTENT_CONTAINS_SWIFT = NO;
				GCC_PREPROCESSOR_DEFINITIONS = (
					"DEBUG=1",
					"$(inherited)",
				);
				INFOPLIST_FILE = XScheduleKit/Info.plist;
				INSTALL_PATH = "$(LOCAL_LIBRARY_DIR)/Frameworks";
				IPHONEOS_DEPLOYMENT_TARGET = 8.0;
				LD_RUNPATH_SEARCH_PATHS = "$(inherited) @executable_path/Frameworks @loader_path/Frameworks";
				PRODUCT_NAME = "$(TARGET_NAME)";
				SKIP_INSTALL = YES;
				VERSIONING_SYSTEM = "apple-generic";
				VERSION_INFO_PREFIX = "";
			};
			name = Debug;
		};
		E1DEBEF51AD61FE3004B2CC1 /* Release */ = {
			isa = XCBuildConfiguration;
			buildSettings = {
				APPLICATION_EXTENSION_API_ONLY = YES;
				CODE_SIGN_IDENTITY = "iPhone Developer";
				"CODE_SIGN_IDENTITY[sdk=iphoneos*]" = "iPhone Developer";
				COPY_PHASE_STRIP = NO;
				CURRENT_PROJECT_VERSION = 1;
				DEFINES_MODULE = YES;
				DYLIB_COMPATIBILITY_VERSION = 1;
				DYLIB_CURRENT_VERSION = 1;
				DYLIB_INSTALL_NAME_BASE = "@rpath";
				EMBEDDED_CONTENT_CONTAINS_SWIFT = NO;
				INFOPLIST_FILE = XScheduleKit/Info.plist;
				INSTALL_PATH = "$(LOCAL_LIBRARY_DIR)/Frameworks";
				IPHONEOS_DEPLOYMENT_TARGET = 8.0;
				LD_RUNPATH_SEARCH_PATHS = "$(inherited) @executable_path/Frameworks @loader_path/Frameworks";
				PRODUCT_NAME = "$(TARGET_NAME)";
				SKIP_INSTALL = YES;
				VERSIONING_SYSTEM = "apple-generic";
				VERSION_INFO_PREFIX = "";
			};
			name = Release;
		};
/* End XCBuildConfiguration section */

/* Begin XCConfigurationList section */
		E138A8051A8E8B1E00549F84 /* Build configuration list for PBXProject "X Schedule" */ = {
			isa = XCConfigurationList;
			buildConfigurations = (
				E138A8291A8E8B1F00549F84 /* Debug */,
				E138A82A1A8E8B1F00549F84 /* Release */,
			);
			defaultConfigurationIsVisible = 0;
			defaultConfigurationName = Release;
		};
		E138A82B1A8E8B1F00549F84 /* Build configuration list for PBXNativeTarget "X Schedule" */ = {
			isa = XCConfigurationList;
			buildConfigurations = (
				E138A82C1A8E8B1F00549F84 /* Debug */,
				E138A82D1A8E8B1F00549F84 /* Release */,
			);
			defaultConfigurationIsVisible = 0;
			defaultConfigurationName = Release;
		};
		E1DEBEA71AD619B1004B2CC1 /* Build configuration list for PBXNativeTarget "X Schedule Widget" */ = {
			isa = XCConfigurationList;
			buildConfigurations = (
				E1DEBEA81AD619B1004B2CC1 /* Debug */,
				E1DEBEA91AD619B1004B2CC1 /* Release */,
			);
			defaultConfigurationIsVisible = 0;
			defaultConfigurationName = Release;
		};
		E1DEBEF31AD61FE3004B2CC1 /* Build configuration list for PBXNativeTarget "XScheduleKit" */ = {
			isa = XCConfigurationList;
			buildConfigurations = (
				E1DEBEF41AD61FE3004B2CC1 /* Debug */,
				E1DEBEF51AD61FE3004B2CC1 /* Release */,
			);
			defaultConfigurationIsVisible = 0;
			defaultConfigurationName = Release;
		};
/* End XCConfigurationList section */
	};
	rootObject = E138A8021A8E8B1E00549F84 /* Project object */;
}
